
Microsoft Visual Studio Solution File, Format Version 12.00
# Visual Studio Version 16
VisualStudioVersion = 16.0.30711.63
MinimumVisualStudioVersion = 10.0.40219.1
Project("{9A19103F-16F7-4668-BE54-9A1E7A4F7556}") = "LightController", "LightController\LightController.csproj", "{210BD08D-206E-4A40-A056-79C02A9FAA7B}"
EndProject
Project("{9A19103F-16F7-4668-BE54-9A1E7A4F7556}") = "LightController.Win.Demo", "LightController.Win.Demo\LightController.Win.Demo.csproj", "{349DF915-6B5E-4B8C-B25B-FA5F158760F4}"
EndProject
Global
	GlobalSection(SolutionConfigurationPlatforms) = preSolution
		Debug|Any CPU = Debug|Any CPU
		Release|Any CPU = Release|Any CPU
	EndGlobalSection
	GlobalSection(ProjectConfigurationPlatforms) = postSolution
		{210BD08D-206E-4A40-A056-79C02A9FAA7B}.Debug|Any CPU.ActiveCfg = Debug|Any CPU
		{210BD08D-206E-4A40-A056-79C02A9FAA7B}.Debug|Any CPU.Build.0 = Debug|Any CPU
		{210BD08D-206E-4A40-A056-79C02A9FAA7B}.Release|Any CPU.ActiveCfg = Release|Any CPU
		{210BD08D-206E-4A40-A056-79C02A9FAA7B}.Release|Any CPU.Build.0 = Release|Any CPU
		{349DF915-6B5E-4B8C-B25B-FA5F158760F4}.Debug|Any CPU.ActiveCfg = Debug|Any CPU
		{349DF915-6B5E-4B8C-B25B-FA5F158760F4}.Debug|Any CPU.Build.0 = Debug|Any CPU
		{349DF915-6B5E-4B8C-B25B-FA5F158760F4}.Release|Any CPU.ActiveCfg = Release|Any CPU
		{349DF915-6B5E-4B8C-B25B-FA5F158760F4}.Release|Any CPU.Build.0 = Release|Any CPU
	EndGlobalSection
	GlobalSection(SolutionProperties) = preSolution
		HideSolutionNode = FALSE
	EndGlobalSection
	GlobalSection(ExtensibilityGlobals) = postSolution
		SolutionGuid = {D60755A9-7CCF-4BDB-B33F-04431212816A}
	EndGlobalSection
EndGlobal
